// !$*UTF8*$!
{
	archiveVersion = 1;
	classes = {
	};
	objectVersion = 46;
	objects = {

/* Begin PBXBuildFile section */
		780E3AA01E6D996E0021385E /* AppDelegate.swift in Sources */ = {isa = PBXBuildFile; fileRef = 780E3A9F1E6D996E0021385E /* AppDelegate.swift */; };
		780E3AA21E6D996E0021385E /* ViewController.swift in Sources */ = {isa = PBXBuildFile; fileRef = 780E3AA11E6D996E0021385E /* ViewController.swift */; };
		780E3AA51E6D996E0021385E /* Main.storyboard in Resources */ = {isa = PBXBuildFile; fileRef = 780E3AA31E6D996E0021385E /* Main.storyboard */; };
		780E3AA71E6D996E0021385E /* Assets.xcassets in Resources */ = {isa = PBXBuildFile; fileRef = 780E3AA61E6D996E0021385E /* Assets.xcassets */; };
		780E3AAA1E6D996E0021385E /* LaunchScreen.storyboard in Resources */ = {isa = PBXBuildFile; fileRef = 780E3AA81E6D996E0021385E /* LaunchScreen.storyboard */; };
		78F1E1D11E6DE31D0001534D /* Minecrafter.Alt.ttf in Resources */ = {isa = PBXBuildFile; fileRef = 78F1E1D01E6DE31D0001534D /* Minecrafter.Alt.ttf */; };
		78F1E1D31E6DE4190001534D /* btn.wav in Resources */ = {isa = PBXBuildFile; fileRef = 78F1E1D21E6DE4190001534D /* btn.wav */; };
/* End PBXBuildFile section */

/* Begin PBXFileReference section */
		780E3A9C1E6D996E0021385E /* RetroCalculator.app */ = {isa = PBXFileReference; explicitFileType = wrapper.application; includeInIndex = 0; path = RetroCalculator.app; sourceTree = BUILT_PRODUCTS_DIR; };
		780E3A9F1E6D996E0021385E /* AppDelegate.swift */ = {isa = PBXFileReference; lastKnownFileType = sourcecode.swift; path = AppDelegate.swift; sourceTree = "<group>"; };
		780E3AA11E6D996E0021385E /* ViewController.swift */ = {isa = PBXFileReference; lastKnownFileType = sourcecode.swift; path = ViewController.swift; sourceTree = "<group>"; };
		780E3AA41E6D996E0021385E /* Base */ = {isa = PBXFileReference; lastKnownFileType = file.storyboard; name = Base; path = Base.lproj/Main.storyboard; sourceTree = "<group>"; };
		780E3AA61E6D996E0021385E /* Assets.xcassets */ = {isa = PBXFileReference; lastKnownFileType = folder.assetcatalog; path = Assets.xcassets; sourceTree = "<group>"; };
		780E3AA91E6D996E0021385E /* Base */ = {isa = PBXFileReference; lastKnownFileType = file.storyboard; name = Base; path = Base.lproj/LaunchScreen.storyboard; sourceTree = "<group>"; };
		780E3AAB1E6D996E0021385E /* Info.plist */ = {isa = PBXFileReference; lastKnownFileType = text.plist.xml; path = Info.plist; sourceTree = "<group>"; };
		78F1E1D01E6DE31D0001534D /* Minecrafter.Alt.ttf */ = {isa = PBXFileReference; lastKnownFileType = file; path = Minecrafter.Alt.ttf; sourceTree = "<group>"; };
		78F1E1D21E6DE4190001534D /* btn.wav */ = {isa = PBXFileReference; lastKnownFileType = audio.wav; path = btn.wav; sourceTree = "<group>"; };
/* End PBXFileReference section */

/* Begin PBXFrameworksBuildPhase section */
		780E3A991E6D996E0021385E /* Frameworks */ = {
			isa = PBXFrameworksBuildPhase;
			buildActionMask = 2147483647;
			files = (
			);
			runOnlyForDeploymentPostprocessing = 0;
		};
/* End PBXFrameworksBuildPhase section */

/* Begin PBXGroup section */
		780E3A931E6D996E0021385E = {
			isa = PBXGroup;
			children = (
				780E3A9E1E6D996E0021385E /* RetroCalculator */,
				780E3A9D1E6D996E0021385E /* Products */,
			);
			sourceTree = "<group>";
		};
		780E3A9D1E6D996E0021385E /* Products */ = {
			isa = PBXGroup;
			children = (
				780E3A9C1E6D996E0021385E /* RetroCalculator.app */,
			);
			name = Products;
			sourceTree = "<group>";
		};
		780E3A9E1E6D996E0021385E /* RetroCalculator */ = {
			isa = PBXGroup;
			children = (
				78F1E1D41E6DE41F0001534D /* Resources */,
				780E3A9F1E6D996E0021385E /* AppDelegate.swift */,
				780E3AB11E6D99790021385E /* Controller */,
				780E3AA31E6D996E0021385E /* Main.storyboard */,
				780E3AA61E6D996E0021385E /* Assets.xcassets */,
				780E3AA81E6D996E0021385E /* LaunchScreen.storyboard */,
				780E3AAB1E6D996E0021385E /* Info.plist */,
			);
			path = RetroCalculator;
			sourceTree = "<group>";
		};
		780E3AB11E6D99790021385E /* Controller */ = {
			isa = PBXGroup;
			children = (
				780E3AA11E6D996E0021385E /* ViewController.swift */,
			);
			name = Controller;
			sourceTree = "<group>";
		};
		78F1E1D41E6DE41F0001534D /* Resources */ = {
			isa = PBXGroup;
			children = (
				78F1E1D01E6DE31D0001534D /* Minecrafter.Alt.ttf */,
				78F1E1D21E6DE4190001534D /* btn.wav */,
			);
			name = Resources;
			sourceTree = "<group>";
		};
/* End PBXGroup section */

/* Begin PBXNativeTarget section */
		780E3A9B1E6D996E0021385E /* RetroCalculator */ = {
			isa = PBXNativeTarget;
			buildConfigurationList = 780E3AAE1E6D996E0021385E /* Build configuration list for PBXNativeTarget "RetroCalculator" */;
			buildPhases = (
				780E3A981E6D996E0021385E /* Sources */,
				780E3A991E6D996E0021385E /* Frameworks */,
				780E3A9A1E6D996E0021385E /* Resources */,
			);
			buildRules = (
			);
			dependencies = (
			);
			name = RetroCalculator;
			productName = RetroCalculator;
			productReference = 780E3A9C1E6D996E0021385E /* RetroCalculator.app */;
			productType = "com.apple.product-type.application";
		};
/* End PBXNativeTarget section */

/* Begin PBXProject section */
		780E3A941E6D996E0021385E /* Project object */ = {
			isa = PBXProject;
			attributes = {
				LastSwiftUpdateCheck = 0820;
				LastUpgradeCheck = 0820;
				ORGANIZATIONNAME = SelfStudy;
				TargetAttributes = {
					780E3A9B1E6D996E0021385E = {
						CreatedOnToolsVersion = 8.2.1;
						DevelopmentTeam = JRAMBAKZPX;
						ProvisioningStyle = Automatic;
					};
				};
			};
			buildConfigurationList = 780E3A971E6D996E0021385E /* Build configuration list for PBXProject "RetroCalculator" */;
			compatibilityVersion = "Xcode 3.2";
			developmentRegion = English;
			hasScannedForEncodings = 0;
			knownRegions = (
				en,
				Base,
			);
			mainGroup = 780E3A931E6D996E0021385E;
			productRefGroup = 780E3A9D1E6D996E0021385E /* Products */;
			projectDirPath = "";
			projectRoot = "";
			targets = (
				780E3A9B1E6D996E0021385E /* RetroCalculator */,
			);
		};
/* End PBXProject section */

/* Begin PBXResourcesBuildPhase section */
		780E3A9A1E6D996E0021385E /* Resources */ = {
			isa = PBXResourcesBuildPhase;
			buildActionMask = 2147483647;
			files = (
				78F1E1D31E6DE4190001534D /* btn.wav in Resources */,
				780E3AAA1E6D996E0021385E /* LaunchScreen.storyboard in Resources */,
				780E3AA71E6D996E0021385E /* Assets.xcassets in Resources */,
				78F1E1D11E6DE31D0001534D /* Minecrafter.Alt.ttf in Resources */,
				780E3AA51E6D996E0021385E /* Main.storyboard in Resources */,
			);
			runOnlyForDeploymentPostprocessing = 0;
		};
/* End PBXResourcesBuildPhase section */

/* Begin PBXSourcesBuildPhase section */
		780E3A981E6D996E0021385E /* Sources */ = {
			isa = PBXSourcesBuildPhase;
			buildActionMask = 2147483647;
			files = (
				780E3AA21E6D996E0021385E /* ViewController.swift in Sources */,
				780E3AA01E6D996E0021385E /* AppDelegate.swift in Sources */,
			);
			runOnlyForDeploymentPostprocessing = 0;
		};
/* End PBXSourcesBuildPhase section */

/* Begin PBXVariantGroup section */
		780E3AA31E6D996E0021385E /* Main.storyboard */ = {
			isa = PBXVariantGroup;
			children = (
				780E3AA41E6D996E0021385E /* Base */,
			);
			name = Main.storyboard;
			sourceTree = "<group>";
		};
		780E3AA81E6D996E0021385E /* LaunchScreen.storyboard */ = {
			isa = PBXVariantGroup;
			children = (
				780E3AA91E6D996E0021385E /* Base */,
			);
			name = LaunchScreen.storyboard;
			sourceTree = "<group>";
		};
/* End PBXVariantGroup section */

/* Begin XCBuildConfiguration section */
		780E3AAC1E6D996E0021385E /* Debug */ = {
			isa = XCBuildConfiguration;
			buildSettings = {
				ALWAYS_SEARCH_USER_PATHS = NO;
				CLANG_ANALYZER_NONNULL = YES;
				CLANG_CXX_LANGUAGE_STANDARD = "gnu++0x";
				CLANG_CXX_LIBRARY = "libc++";
				CLANG_ENABLE_MODULES = YES;
				CLANG_ENABLE_OBJC_ARC = YES;
				CLANG_WARN_BOOL_CONVERSION = YES;
				CLANG_WARN_CONSTANT_CONVERSION = YES;
				CLANG_WARN_DIRECT_OBJC_ISA_USAGE = YES_ERROR;
				CLANG_WARN_DOCUMENTATION_COMMENTS = YES;
				CLANG_WARN_EMPTY_BODY = YES;
				CLANG_WARN_ENUM_CONVERSION = YES;
				CLANG_WARN_INFINITE_RECURSION = YES;
				CLANG_WARN_INT_CONVERSION = YES;
				CLANG_WARN_OBJC_ROOT_CLASS = YES_ERROR;
				CLANG_WARN_SUSPICIOUS_MOVE = YES;
				CLANG_WARN_UNREACHABLE_CODE = YES;
				CLANG_WARN__DUPLICATE_METHOD_MATCH = YES;
				"CODE_SIGN_IDENTITY[sdk=iphoneos*]" = "iPhone Developer";
				COPY_PHASE_STRIP = NO;
				DEBUG_INFORMATION_FORMAT = dwarf;
				ENABLE_STRICT_OBJC_MSGSEND = YES;
				ENABLE_TESTABILITY = YES;
				GCC_C_LANGUAGE_STANDARD = gnu99;
				GCC_DYNAMIC_NO_PIC = NO;
				GCC_NO_COMMON_BLOCKS = YES;
				GCC_OPTIMIZATION_LEVEL = 0;
				GCC_PREPROCESSOR_DEFINITIONS = (
					"DEBUG=1",
					"$(inherited)",
				);
				GCC_WARN_64_TO_32_BIT_CONVERSION = YES;
				GCC_WARN_ABOUT_RETURN_TYPE = YES_ERROR;
				GCC_WARN_UNDECLARED_SELECTOR = YES;
				GCC_WARN_UNINITIALIZED_AUTOS = YES_AGGRESSIVE;
				GCC_WARN_UNUSED_FUNCTION = YES;
				GCC_WARN_UNUSED_VARIABLE = YES;
				IPHONEOS_DEPLOYMENT_TARGET = 10.2;
				MTL_ENABLE_DEBUG_INFO = YES;
				ONLY_ACTIVE_ARCH = YES;
				SDKROOT = iphoneos;
				SWIFT_ACTIVE_COMPILATION_CONDITIONS = DEBUG;
				SWIFT_OPTIMIZATION_LEVEL = "-Onone";
				TARGETED_DEVICE_FAMILY = "1,2";
			};
			name = Debug;
		};
		780E3AAD1E6D996E0021385E /* Release */ = {
			isa = XCBuildConfiguration;
			buildSettings = {
				ALWAYS_SEARCH_USER_PATHS = NO;
				CLANG_ANALYZER_NONNULL = YES;
				CLANG_CXX_LANGUAGE_STANDARD = "gnu++0x";
				CLANG_CXX_LIBRARY = "libc++";
				CLANG_ENABLE_MODULES = YES;
				CLANG_ENABLE_OBJC_ARC = YES;
				CLANG_WARN_BOOL_CONVERSION = YES;
				CLANG_WARN_CONSTANT_CONVERSION = YES;
				CLANG_WARN_DIRECT_OBJC_ISA_USAGE = YES_ERROR;
				CLANG_WARN_DOCUMENTATION_COMMENTS = YES;
				CLANG_WARN_EMPTY_BODY = YES;
				CLANG_WARN_ENUM_CONVERSION = YES;
				CLANG_WARN_INFINITE_RECURSION = YES;
				CLANG_WARN_INT_CONVERSION = YES;
				CLANG_WARN_OBJC_ROOT_CLASS = YES_ERROR;
				CLANG_WARN_SUSPICIOUS_MOVE = YES;
				CLANG_WARN_UNREACHABLE_CODE = YES;
				CLANG_WARN__DUPLICATE_METHOD_MATCH = YES;
				"CODE_SIGN_IDENTITY[sdk=iphoneos*]" = "iPhone Developer";
				COPY_PHASE_STRIP = NO;
				DEBUG_INFORMATION_FORMAT = "dwarf-with-dsym";
				ENABLE_NS_ASSERTIONS = NO;
				ENABLE_STRICT_OBJC_MSGSEND = YES;
				GCC_C_LANGUAGE_STANDARD = gnu99;
				GCC_NO_COMMON_BLOCKS = YES;
				GCC_WARN_64_TO_32_BIT_CONVERSION = YES;
				GCC_WARN_ABOUT_RETURN_TYPE = YES_ERROR;
				GCC_WARN_UNDECLARED_SELECTOR = YES;
				GCC_WARN_UNINITIALIZED_AUTOS = YES_AGGRESSIVE;
				GCC_WARN_UNUSED_FUNCTION = YES;
				GCC_WARN_UNUSED_VARIABLE = YES;
				IPHONEOS_DEPLOYMENT_TARGET = 10.2;
				MTL_ENABLE_DEBUG_INFO = NO;
				SDKROOT = iphoneos;
				SWIFT_OPTIMIZATION_LEVEL = "-Owholemodule";
				TARGETED_DEVICE_FAMILY = "1,2";
				VALIDATE_PRODUCT = YES;
			};
			name = Release;
		};
		780E3AAF1E6D996E0021385E /* Debug */ = {
			isa = XCBuildConfiguration;
			buildSettings = {
				ASSETCATALOG_COMPILER_APPICON_NAME = AppIcon;
				DEVELOPMENT_TEAM = JRAMBAKZPX;
				INFOPLIST_FILE = RetroCalculator/Info.plist;
				LD_RUNPATH_SEARCH_PATHS = "$(inherited) @executable_path/Frameworks";
				PRODUCT_BUNDLE_IDENTIFIER = com.study.Project.RetroCalculator;
				PRODUCT_NAME = "$(TARGET_NAME)";
				SWIFT_VERSION = 3.0;
			};
			name = Debug;
		};
		780E3AB01E6D996E0021385E /* Release */ = {
			isa = XCBuildConfiguration;
			buildSettings = {
				ASSETCATALOG_COMPILER_APPICON_NAME = AppIcon;
				DEVELOPMENT_TEAM = JRAMBAKZPX;
				INFOPLIST_FILE = RetroCalculator/Info.plist;
				LD_RUNPATH_SEARCH_PATHS = "$(inherited) @executable_path/Frameworks";
				PRODUCT_BUNDLE_IDENTIFIER = com.study.Project.RetroCalculator;
				PRODUCT_NAME = "$(TARGET_NAME)";
				SWIFT_VERSION = 3.0;
			};
			name = Release;
		};
/* End XCBuildConfiguration section */

/* Begin XCConfigurationList section */
		780E3A971E6D996E0021385E /* Build configuration list for PBXProject "RetroCalculator" */ = {
			isa = XCConfigurationList;
			buildConfigurations = (
				780E3AAC1E6D996E0021385E /* Debug */,
				780E3AAD1E6D996E0021385E /* Release */,
			);
			defaultConfigurationIsVisible = 0;
			defaultConfigurationName = Release;
		};
		780E3AAE1E6D996E0021385E /* Build configuration list for PBXNativeTarget "RetroCalculator" */ = {
			isa = XCConfigurationList;
			buildConfigurations = (
				780E3AAF1E6D996E0021385E /* Debug */,
				780E3AB01E6D996E0021385E /* Release */,
			);
			defaultConfigurationIsVisible = 0;
			defaultConfigurationName = Release;
		};
/* End XCConfigurationList section */
	};
	rootObject = 780E3A941E6D996E0021385E /* Project object */;
}
